
Microsoft Visual Studio Solution File, Format Version 12.00
# Visual Studio Version 17
VisualStudioVersion = 17.5.33516.290
MinimumVisualStudioVersion = 10.0.40219.1
Project("{FAE04EC0-301F-11D3-BF4B-00C04F79EFBC}") = "HomeworkAspItstepAngular", "HomeworkAspItstepAngular\HomeworkAspItstepAngular.csproj", "{15F4E027-91B5-41AD-B019-0AE86252C702}"
EndProject
Global
	GlobalSection(SolutionConfigurationPlatforms) = preSolution
		Debug|Any CPU = Debug|Any CPU
		Release|Any CPU = Release|Any CPU
	EndGlobalSection
	GlobalSection(ProjectConfigurationPlatforms) = postSolution
		{15F4E027-91B5-41AD-B019-0AE86252C702}.Debug|Any CPU.ActiveCfg = Debug|Any CPU
		{15F4E027-91B5-41AD-B019-0AE86252C702}.Debug|Any CPU.Build.0 = Debug|Any CPU
		{15F4E027-91B5-41AD-B019-0AE86252C702}.Release|Any CPU.ActiveCfg = Release|Any CPU
		{15F4E027-91B5-41AD-B019-0AE86252C702}.Release|Any CPU.Build.0 = Release|Any CPU
	EndGlobalSection
	GlobalSection(SolutionProperties) = preSolution
		HideSolutionNode = FALSE
	EndGlobalSection
	GlobalSection(ExtensibilityGlobals) = postSolution
		SolutionGuid = {B0673C87-561F-468C-A411-5191367D288C}
	EndGlobalSection
EndGlobal
